
Microsoft Visual Studio Solution File, Format Version 12.00
# Visual Studio Version 16
VisualStudioVersion = 16.0.31624.102
MinimumVisualStudioVersion = 10.0.40219.1
Project("{FAE04EC0-301F-11D3-BF4B-00C04F79EFBC}") = "input", "input\input.csproj", "{630CE887-1D27-4907-8704-8B42834EBEF4}"
EndProject
Global
	GlobalSection(SolutionConfigurationPlatforms) = preSolution
		Debug|Any CPU = Debug|Any CPU
		Release|Any CPU = Release|Any CPU
	EndGlobalSection
	GlobalSection(ProjectConfigurationPlatforms) = postSolution
		{630CE887-1D27-4907-8704-8B42834EBEF4}.Debug|Any CPU.ActiveCfg = Debug|Any CPU
		{630CE887-1D27-4907-8704-8B42834EBEF4}.Debug|Any CPU.Build.0 = Debug|Any CPU
		{630CE887-1D27-4907-8704-8B42834EBEF4}.Release|Any CPU.ActiveCfg = Release|Any CPU
		{630CE887-1D27-4907-8704-8B42834EBEF4}.Release|Any CPU.Build.0 = Release|Any CPU
	EndGlobalSection
	GlobalSection(SolutionProperties) = preSolution
		HideSolutionNode = FALSE
	EndGlobalSection
	GlobalSection(ExtensibilityGlobals) = postSolution
		SolutionGuid = {4E25FC25-E80E-4A40-9EE2-DED500C93717}
	EndGlobalSection
EndGlobal
